
Microsoft Visual Studio Solution File, Format Version 12.00
# Visual Studio Version 17
VisualStudioVersion = 17.7.34031.279
MinimumVisualStudioVersion = 10.0.40219.1
Project("{9A19103F-16F7-4668-BE54-9A1E7A4F7556}") = "DesafioProjetoHospedagem", "DesafioProjetoHospedagem.csproj", "{9E9C2DAF-A1E7-43BA-94FD-3C5E8A38EE3F}"
EndProject
Global
	GlobalSection(SolutionConfigurationPlatforms) = preSolution
		Debug|Any CPU = Debug|Any CPU
		Release|Any CPU = Release|Any CPU
	EndGlobalSection
	GlobalSection(ProjectConfigurationPlatforms) = postSolution
		{9E9C2DAF-A1E7-43BA-94FD-3C5E8A38EE3F}.Debug|Any CPU.ActiveCfg = Debug|Any CPU
		{9E9C2DAF-A1E7-43BA-94FD-3C5E8A38EE3F}.Debug|Any CPU.Build.0 = Debug|Any CPU
		{9E9C2DAF-A1E7-43BA-94FD-3C5E8A38EE3F}.Release|Any CPU.ActiveCfg = Release|Any CPU
		{9E9C2DAF-A1E7-43BA-94FD-3C5E8A38EE3F}.Release|Any CPU.Build.0 = Release|Any CPU
	EndGlobalSection
	GlobalSection(SolutionProperties) = preSolution
		HideSolutionNode = FALSE
	EndGlobalSection
	GlobalSection(ExtensibilityGlobals) = postSolution
		SolutionGuid = {85B87B7A-7682-4F4A-8C25-269DA7303525}
	EndGlobalSection
EndGlobal
