
Microsoft Visual Studio Solution File, Format Version 12.00
# Visual Studio Version 17
VisualStudioVersion = 17.5.002.0
MinimumVisualStudioVersion = 10.0.40219.1
Project("{9A19103F-16F7-4668-BE54-9A1E7A4F7556}") = "DesafioProjetoHospedagem", "DesafioProjetoHospedagem.csproj", "{B4A0DE21-3152-4455-B3F3-B89763306143}"
EndProject
Global
	GlobalSection(SolutionConfigurationPlatforms) = preSolution
		Debug|Any CPU = Debug|Any CPU
		Release|Any CPU = Release|Any CPU
	EndGlobalSection
	GlobalSection(ProjectConfigurationPlatforms) = postSolution
		{B4A0DE21-3152-4455-B3F3-B89763306143}.Debug|Any CPU.ActiveCfg = Debug|Any CPU
		{B4A0DE21-3152-4455-B3F3-B89763306143}.Debug|Any CPU.Build.0 = Debug|Any CPU
		{B4A0DE21-3152-4455-B3F3-B89763306143}.Release|Any CPU.ActiveCfg = Release|Any CPU
		{B4A0DE21-3152-4455-B3F3-B89763306143}.Release|Any CPU.Build.0 = Release|Any CPU
	EndGlobalSection
	GlobalSection(SolutionProperties) = preSolution
		HideSolutionNode = FALSE
	EndGlobalSection
	GlobalSection(ExtensibilityGlobals) = postSolution
		SolutionGuid = {5517FE0C-3404-49F5-A31B-E0D2067BCA1E}
	EndGlobalSection
EndGlobal
