
Microsoft Visual Studio Solution File, Format Version 12.00
# Visual Studio Version 17
VisualStudioVersion = 17.5.002.0
MinimumVisualStudioVersion = 10.0.40219.1
Project("{9A19103F-16F7-4668-BE54-9A1E7A4F7556}") = "DesafioProjetoHospedagem", "DesafioProjetoHospedagem.csproj", "{19DC316E-26EA-4823-A464-EF4701D78165}"
EndProject
Global
	GlobalSection(SolutionConfigurationPlatforms) = preSolution
		Debug|Any CPU = Debug|Any CPU
		Release|Any CPU = Release|Any CPU
	EndGlobalSection
	GlobalSection(ProjectConfigurationPlatforms) = postSolution
		{19DC316E-26EA-4823-A464-EF4701D78165}.Debug|Any CPU.ActiveCfg = Debug|Any CPU
		{19DC316E-26EA-4823-A464-EF4701D78165}.Debug|Any CPU.Build.0 = Debug|Any CPU
		{19DC316E-26EA-4823-A464-EF4701D78165}.Release|Any CPU.ActiveCfg = Release|Any CPU
		{19DC316E-26EA-4823-A464-EF4701D78165}.Release|Any CPU.Build.0 = Release|Any CPU
	EndGlobalSection
	GlobalSection(SolutionProperties) = preSolution
		HideSolutionNode = FALSE
	EndGlobalSection
	GlobalSection(ExtensibilityGlobals) = postSolution
		SolutionGuid = {D97D2184-13E8-42DD-BEFD-9003BDAD8DD7}
	EndGlobalSection
EndGlobal
